// !$*UTF8*$!
{
	archiveVersion = 1;
	classes = {
	};
	objectVersion = 55;
	objects = {

/* Begin PBXBuildFile section */
		ED937A18280F0C4C00C63189 /* AppDelegate.swift in Sources */ = {isa = PBXBuildFile; fileRef = ED937A17280F0C4C00C63189 /* AppDelegate.swift */; };
		ED937A1A280F0C4C00C63189 /* SceneDelegate.swift in Sources */ = {isa = PBXBuildFile; fileRef = ED937A19280F0C4C00C63189 /* SceneDelegate.swift */; };
		ED937A1C280F0C4C00C63189 /* ViewController.swift in Sources */ = {isa = PBXBuildFile; fileRef = ED937A1B280F0C4C00C63189 /* ViewController.swift */; };
		ED937A1F280F0C4C00C63189 /* Main.storyboard in Resources */ = {isa = PBXBuildFile; fileRef = ED937A1D280F0C4C00C63189 /* Main.storyboard */; };
		ED937A21280F0C5100C63189 /* Assets.xcassets in Resources */ = {isa = PBXBuildFile; fileRef = ED937A20280F0C5100C63189 /* Assets.xcassets */; };
		ED937A24280F0C5100C63189 /* LaunchScreen.storyboard in Resources */ = {isa = PBXBuildFile; fileRef = ED937A22280F0C5100C63189 /* LaunchScreen.storyboard */; };
		ED937A2C280F135F00C63189 /* FirstSongPlayController.swift in Sources */ = {isa = PBXBuildFile; fileRef = ED937A2B280F135F00C63189 /* FirstSongPlayController.swift */; };
		ED937A30280F1AFE00C63189 /* ATL_Yunost_89.mp3 in Resources */ = {isa = PBXBuildFile; fileRef = ED937A2F280F1AFE00C63189 /* ATL_Yunost_89.mp3 */; };
		ED937A32280F1B1300C63189 /* Sako Isoyan - Wow.mp3 in Resources */ = {isa = PBXBuildFile; fileRef = ED937A31280F1B1300C63189 /* Sako Isoyan - Wow.mp3 */; };
/* End PBXBuildFile section */

/* Begin PBXFileReference section */
		ED937A14280F0C4C00C63189 /* Player.app */ = {isa = PBXFileReference; explicitFileType = wrapper.application; includeInIndex = 0; path = Player.app; sourceTree = BUILT_PRODUCTS_DIR; };
		ED937A17280F0C4C00C63189 /* AppDelegate.swift */ = {isa = PBXFileReference; lastKnownFileType = sourcecode.swift; path = AppDelegate.swift; sourceTree = "<group>"; };
		ED937A19280F0C4C00C63189 /* SceneDelegate.swift */ = {isa = PBXFileReference; lastKnownFileType = sourcecode.swift; path = SceneDelegate.swift; sourceTree = "<group>"; };
		ED937A1B280F0C4C00C63189 /* ViewController.swift */ = {isa = PBXFileReference; lastKnownFileType = sourcecode.swift; path = ViewController.swift; sourceTree = "<group>"; };
		ED937A1E280F0C4C00C63189 /* Base */ = {isa = PBXFileReference; lastKnownFileType = file.storyboard; name = Base; path = Base.lproj/Main.storyboard; sourceTree = "<group>"; };
		ED937A20280F0C5100C63189 /* Assets.xcassets */ = {isa = PBXFileReference; lastKnownFileType = folder.assetcatalog; path = Assets.xcassets; sourceTree = "<group>"; };
		ED937A23280F0C5100C63189 /* Base */ = {isa = PBXFileReference; lastKnownFileType = file.storyboard; name = Base; path = Base.lproj/LaunchScreen.storyboard; sourceTree = "<group>"; };
		ED937A25280F0C5100C63189 /* Info.plist */ = {isa = PBXFileReference; lastKnownFileType = text.plist.xml; path = Info.plist; sourceTree = "<group>"; };
		ED937A2B280F135F00C63189 /* FirstSongPlayController.swift */ = {isa = PBXFileReference; lastKnownFileType = sourcecode.swift; path = FirstSongPlayController.swift; sourceTree = "<group>"; };
		ED937A2F280F1AFE00C63189 /* ATL_Yunost_89.mp3 */ = {isa = PBXFileReference; lastKnownFileType = audio.mp3; path = ATL_Yunost_89.mp3; sourceTree = "<group>"; };
		ED937A31280F1B1300C63189 /* Sako Isoyan - Wow.mp3 */ = {isa = PBXFileReference; lastKnownFileType = audio.mp3; path = "Sako Isoyan - Wow.mp3"; sourceTree = "<group>"; };
/* End PBXFileReference section */

/* Begin PBXFrameworksBuildPhase section */
		ED937A11280F0C4C00C63189 /* Frameworks */ = {
			isa = PBXFrameworksBuildPhase;
			buildActionMask = 2147483647;
			files = (
			);
			runOnlyForDeploymentPostprocessing = 0;
		};
/* End PBXFrameworksBuildPhase section */

/* Begin PBXGroup section */
		ED937A0B280F0C4C00C63189 = {
			isa = PBXGroup;
			children = (
				ED937A16280F0C4C00C63189 /* Player */,
				ED937A15280F0C4C00C63189 /* Products */,
			);
			sourceTree = "<group>";
		};
		ED937A15280F0C4C00C63189 /* Products */ = {
			isa = PBXGroup;
			children = (
				ED937A14280F0C4C00C63189 /* Player.app */,
			);
			name = Products;
			sourceTree = "<group>";
		};
		ED937A16280F0C4C00C63189 /* Player */ = {
			isa = PBXGroup;
			children = (
				ED937A17280F0C4C00C63189 /* AppDelegate.swift */,
				ED937A19280F0C4C00C63189 /* SceneDelegate.swift */,
				ED937A1B280F0C4C00C63189 /* ViewController.swift */,
				ED937A1D280F0C4C00C63189 /* Main.storyboard */,
				ED937A2B280F135F00C63189 /* FirstSongPlayController.swift */,
				ED937A20280F0C5100C63189 /* Assets.xcassets */,
				ED937A22280F0C5100C63189 /* LaunchScreen.storyboard */,
				ED937A25280F0C5100C63189 /* Info.plist */,
				ED937A2F280F1AFE00C63189 /* ATL_Yunost_89.mp3 */,
				ED937A31280F1B1300C63189 /* Sako Isoyan - Wow.mp3 */,
			);
			path = Player;
			sourceTree = "<group>";
		};
/* End PBXGroup section */

/* Begin PBXNativeTarget section */
		ED937A13280F0C4C00C63189 /* Player */ = {
			isa = PBXNativeTarget;
			buildConfigurationList = ED937A28280F0C5100C63189 /* Build configuration list for PBXNativeTarget "Player" */;
			buildPhases = (
				ED937A10280F0C4C00C63189 /* Sources */,
				ED937A11280F0C4C00C63189 /* Frameworks */,
				ED937A12280F0C4C00C63189 /* Resources */,
			);
			buildRules = (
			);
			dependencies = (
			);
			name = Player;
			productName = Player;
			productReference = ED937A14280F0C4C00C63189 /* Player.app */;
			productType = "com.apple.product-type.application";
		};
/* End PBXNativeTarget section */

/* Begin PBXProject section */
		ED937A0C280F0C4C00C63189 /* Project object */ = {
			isa = PBXProject;
			attributes = {
				BuildIndependentTargetsInParallel = 1;
				LastSwiftUpdateCheck = 1330;
				LastUpgradeCheck = 1330;
				TargetAttributes = {
					ED937A13280F0C4C00C63189 = {
						CreatedOnToolsVersion = 13.3.1;
					};
				};
			};
			buildConfigurationList = ED937A0F280F0C4C00C63189 /* Build configuration list for PBXProject "Player" */;
			compatibilityVersion = "Xcode 13.0";
			developmentRegion = en;
			hasScannedForEncodings = 0;
			knownRegions = (
				en,
				Base,
			);
			mainGroup = ED937A0B280F0C4C00C63189;
			productRefGroup = ED937A15280F0C4C00C63189 /* Products */;
			projectDirPath = "";
			projectRoot = "";
			targets = (
				ED937A13280F0C4C00C63189 /* Player */,
			);
		};
/* End PBXProject section */

/* Begin PBXResourcesBuildPhase section */
		ED937A12280F0C4C00C63189 /* Resources */ = {
			isa = PBXResourcesBuildPhase;
			buildActionMask = 2147483647;
			files = (
				ED937A24280F0C5100C63189 /* LaunchScreen.storyboard in Resources */,
				ED937A32280F1B1300C63189 /* Sako Isoyan - Wow.mp3 in Resources */,
				ED937A30280F1AFE00C63189 /* ATL_Yunost_89.mp3 in Resources */,
				ED937A21280F0C5100C63189 /* Assets.xcassets in Resources */,
				ED937A1F280F0C4C00C63189 /* Main.storyboard in Resources */,
			);
			runOnlyForDeploymentPostprocessing = 0;
		};
/* End PBXResourcesBuildPhase section */

/* Begin PBXSourcesBuildPhase section */
		ED937A10280F0C4C00C63189 /* Sources */ = {
			isa = PBXSourcesBuildPhase;
			buildActionMask = 2147483647;
			files = (
				ED937A1C280F0C4C00C63189 /* ViewController.swift in Sources */,
				ED937A2C280F135F00C63189 /* FirstSongPlayController.swift in Sources */,
				ED937A18280F0C4C00C63189 /* AppDelegate.swift in Sources */,
				ED937A1A280F0C4C00C63189 /* SceneDelegate.swift in Sources */,
			);
			runOnlyForDeploymentPostprocessing = 0;
		};
/* End PBXSourcesBuildPhase section */

/* Begin PBXVariantGroup section */
		ED937A1D280F0C4C00C63189 /* Main.storyboard */ = {
			isa = PBXVariantGroup;
			children = (
				ED937A1E280F0C4C00C63189 /* Base */,
			);
			name = Main.storyboard;
			sourceTree = "<group>";
		};
		ED937A22280F0C5100C63189 /* LaunchScreen.storyboard */ = {
			isa = PBXVariantGroup;
			children = (
				ED937A23280F0C5100C63189 /* Base */,
			);
			name = LaunchScreen.storyboard;
			sourceTree = "<group>";
		};
/* End PBXVariantGroup section */

/* Begin XCBuildConfiguration section */
		ED937A26280F0C5100C63189 /* Debug */ = {
			isa = XCBuildConfiguration;
			buildSettings = {
				ALWAYS_SEARCH_USER_PATHS = NO;
				CLANG_ANALYZER_NONNULL = YES;
				CLANG_ANALYZER_NUMBER_OBJECT_CONVERSION = YES_AGGRESSIVE;
				CLANG_CXX_LANGUAGE_STANDARD = "gnu++17";
				CLANG_ENABLE_MODULES = YES;
				CLANG_ENABLE_OBJC_ARC = YES;
				CLANG_ENABLE_OBJC_WEAK = YES;
				CLANG_WARN_BLOCK_CAPTURE_AUTORELEASING = YES;
				CLANG_WARN_BOOL_CONVERSION = YES;
				CLANG_WARN_COMMA = YES;
				CLANG_WARN_CONSTANT_CONVERSION = YES;
				CLANG_WARN_DEPRECATED_OBJC_IMPLEMENTATIONS = YES;
				CLANG_WARN_DIRECT_OBJC_ISA_USAGE = YES_ERROR;
				CLANG_WARN_DOCUMENTATION_COMMENTS = YES;
				CLANG_WARN_EMPTY_BODY = YES;
				CLANG_WARN_ENUM_CONVERSION = YES;
				CLANG_WARN_INFINITE_RECURSION = YES;
				CLANG_WARN_INT_CONVERSION = YES;
				CLANG_WARN_NON_LITERAL_NULL_CONVERSION = YES;
				CLANG_WARN_OBJC_IMPLICIT_RETAIN_SELF = YES;
				CLANG_WARN_OBJC_LITERAL_CONVERSION = YES;
				CLANG_WARN_OBJC_ROOT_CLASS = YES_ERROR;
				CLANG_WARN_QUOTED_INCLUDE_IN_FRAMEWORK_HEADER = YES;
				CLANG_WARN_RANGE_LOOP_ANALYSIS = YES;
				CLANG_WARN_STRICT_PROTOTYPES = YES;
				CLANG_WARN_SUSPICIOUS_MOVE = YES;
				CLANG_WARN_UNGUARDED_AVAILABILITY = YES_AGGRESSIVE;
				CLANG_WARN_UNREACHABLE_CODE = YES;
				CLANG_WARN__DUPLICATE_METHOD_MATCH = YES;
				COPY_PHASE_STRIP = NO;
				DEBUG_INFORMATION_FORMAT = dwarf;
				ENABLE_STRICT_OBJC_MSGSEND = YES;
				ENABLE_TESTABILITY = YES;
				GCC_C_LANGUAGE_STANDARD = gnu11;
				GCC_DYNAMIC_NO_PIC = NO;
				GCC_NO_COMMON_BLOCKS = YES;
				GCC_OPTIMIZATION_LEVEL = 0;
				GCC_PREPROCESSOR_DEFINITIONS = (
					"DEBUG=1",
					"$(inherited)",
				);
				GCC_WARN_64_TO_32_BIT_CONVERSION = YES;
				GCC_WARN_ABOUT_RETURN_TYPE = YES_ERROR;
				GCC_WARN_UNDECLARED_SELECTOR = YES;
				GCC_WARN_UNINITIALIZED_AUTOS = YES_AGGRESSIVE;
				GCC_WARN_UNUSED_FUNCTION = YES;
				GCC_WARN_UNUSED_VARIABLE = YES;
				IPHONEOS_DEPLOYMENT_TARGET = 15.4;
				MTL_ENABLE_DEBUG_INFO = INCLUDE_SOURCE;
				MTL_FAST_MATH = YES;
				ONLY_ACTIVE_ARCH = YES;
				SDKROOT = iphoneos;
				SWIFT_ACTIVE_COMPILATION_CONDITIONS = DEBUG;
				SWIFT_OPTIMIZATION_LEVEL = "-Onone";
			};
			name = Debug;
		};
		ED937A27280F0C5100C63189 /* Release */ = {
			isa = XCBuildConfiguration;
			buildSettings = {
				ALWAYS_SEARCH_USER_PATHS = NO;
				CLANG_ANALYZER_NONNULL = YES;
				CLANG_ANALYZER_NUMBER_OBJECT_CONVERSION = YES_AGGRESSIVE;
				CLANG_CXX_LANGUAGE_STANDARD = "gnu++17";
				CLANG_ENABLE_MODULES = YES;
				CLANG_ENABLE_OBJC_ARC = YES;
				CLANG_ENABLE_OBJC_WEAK = YES;
				CLANG_WARN_BLOCK_CAPTURE_AUTORELEASING = YES;
				CLANG_WARN_BOOL_CONVERSION = YES;
				CLANG_WARN_COMMA = YES;
				CLANG_WARN_CONSTANT_CONVERSION = YES;
				CLANG_WARN_DEPRECATED_OBJC_IMPLEMENTATIONS = YES;
				CLANG_WARN_DIRECT_OBJC_ISA_USAGE = YES_ERROR;
				CLANG_WARN_DOCUMENTATION_COMMENTS = YES;
				CLANG_WARN_EMPTY_BODY = YES;
				CLANG_WARN_ENUM_CONVERSION = YES;
				CLANG_WARN_INFINITE_RECURSION = YES;
				CLANG_WARN_INT_CONVERSION = YES;
				CLANG_WARN_NON_LITERAL_NULL_CONVERSION = YES;
				CLANG_WARN_OBJC_IMPLICIT_RETAIN_SELF = YES;
				CLANG_WARN_OBJC_LITERAL_CONVERSION = YES;
				CLANG_WARN_OBJC_ROOT_CLASS = YES_ERROR;
				CLANG_WARN_QUOTED_INCLUDE_IN_FRAMEWORK_HEADER = YES;
				CLANG_WARN_RANGE_LOOP_ANALYSIS = YES;
				CLANG_WARN_STRICT_PROTOTYPES = YES;
				CLANG_WARN_SUSPICIOUS_MOVE = YES;
				CLANG_WARN_UNGUARDED_AVAILABILITY = YES_AGGRESSIVE;
				CLANG_WARN_UNREACHABLE_CODE = YES;
				CLANG_WARN__DUPLICATE_METHOD_MATCH = YES;
				COPY_PHASE_STRIP = NO;
				DEBUG_INFORMATION_FORMAT = "dwarf-with-dsym";
				ENABLE_NS_ASSERTIONS = NO;
				ENABLE_STRICT_OBJC_MSGSEND = YES;
				GCC_C_LANGUAGE_STANDARD = gnu11;
				GCC_NO_COMMON_BLOCKS = YES;
				GCC_WARN_64_TO_32_BIT_CONVERSION = YES;
				GCC_WARN_ABOUT_RETURN_TYPE = YES_ERROR;
				GCC_WARN_UNDECLARED_SELECTOR = YES;
				GCC_WARN_UNINITIALIZED_AUTOS = YES_AGGRESSIVE;
				GCC_WARN_UNUSED_FUNCTION = YES;
				GCC_WARN_UNUSED_VARIABLE = YES;
				IPHONEOS_DEPLOYMENT_TARGET = 15.4;
				MTL_ENABLE_DEBUG_INFO = NO;
				MTL_FAST_MATH = YES;
				SDKROOT = iphoneos;
				SWIFT_COMPILATION_MODE = wholemodule;
				SWIFT_OPTIMIZATION_LEVEL = "-O";
				VALIDATE_PRODUCT = YES;
			};
			name = Release;
		};
		ED937A29280F0C5100C63189 /* Debug */ = {
			isa = XCBuildConfiguration;
			buildSettings = {
				ASSETCATALOG_COMPILER_APPICON_NAME = AppIcon;
				ASSETCATALOG_COMPILER_GLOBAL_ACCENT_COLOR_NAME = AccentColor;
				CODE_SIGN_STYLE = Automatic;
				CURRENT_PROJECT_VERSION = 1;
				DEVELOPMENT_TEAM = UBS68N6TVH;
				GENERATE_INFOPLIST_FILE = YES;
				INFOPLIST_FILE = Player/Info.plist;
				INFOPLIST_KEY_CFBundleDisplayName = "Music Player";
				INFOPLIST_KEY_UIApplicationSupportsIndirectInputEvents = YES;
				INFOPLIST_KEY_UILaunchStoryboardName = LaunchScreen;
				INFOPLIST_KEY_UIMainStoryboardFile = Main;
				INFOPLIST_KEY_UISupportedInterfaceOrientations_iPad = "UIInterfaceOrientationPortrait UIInterfaceOrientationPortraitUpsideDown UIInterfaceOrientationLandscapeLeft UIInterfaceOrientationLandscapeRight";
				INFOPLIST_KEY_UISupportedInterfaceOrientations_iPhone = "UIInterfaceOrientationPortrait UIInterfaceOrientationLandscapeLeft UIInterfaceOrientationLandscapeRight";
				LD_RUNPATH_SEARCH_PATHS = (
					"$(inherited)",
					"@executable_path/Frameworks",
				);
				MARKETING_VERSION = 1.0;
				PRODUCT_BUNDLE_IDENTIFIER = ru.soadekb.Player;
				PRODUCT_NAME = "$(TARGET_NAME)";
				SWIFT_EMIT_LOC_STRINGS = YES;
				SWIFT_VERSION = 5.0;
				TARGETED_DEVICE_FAMILY = "1,2";
			};
			name = Debug;
		};
		ED937A2A280F0C5100C63189 /* Release */ = {
			isa = XCBuildConfiguration;
			buildSettings = {
				ASSETCATALOG_COMPILER_APPICON_NAME = AppIcon;
				ASSETCATALOG_COMPILER_GLOBAL_ACCENT_COLOR_NAME = AccentColor;
				CODE_SIGN_STYLE = Automatic;
				CURRENT_PROJECT_VERSION = 1;
				DEVELOPMENT_TEAM = UBS68N6TVH;
				GENERATE_INFOPLIST_FILE = YES;
				INFOPLIST_FILE = Player/Info.plist;
				INFOPLIST_KEY_CFBundleDisplayName = "Music Player";
				INFOPLIST_KEY_UIApplicationSupportsIndirectInputEvents = YES;
				INFOPLIST_KEY_UILaunchStoryboardName = LaunchScreen;
				INFOPLIST_KEY_UIMainStoryboardFile = Main;
				INFOPLIST_KEY_UISupportedInterfaceOrientations_iPad = "UIInterfaceOrientationPortrait UIInterfaceOrientationPortraitUpsideDown UIInterfaceOrientationLandscapeLeft UIInterfaceOrientationLandscapeRight";
				INFOPLIST_KEY_UISupportedInterfaceOrientations_iPhone = "UIInterfaceOrientationPortrait UIInterfaceOrientationLandscapeLeft UIInterfaceOrientationLandscapeRight";
				LD_RUNPATH_SEARCH_PATHS = (
					"$(inherited)",
					"@executable_path/Frameworks",
				);
				MARKETING_VERSION = 1.0;
				PRODUCT_BUNDLE_IDENTIFIER = ru.soadekb.Player;
				PRODUCT_NAME = "$(TARGET_NAME)";
				SWIFT_EMIT_LOC_STRINGS = YES;
				SWIFT_VERSION = 5.0;
				TARGETED_DEVICE_FAMILY = "1,2";
			};
			name = Release;
		};
/* End XCBuildConfiguration section */

/* Begin XCConfigurationList section */
		ED937A0F280F0C4C00C63189 /* Build configuration list for PBXProject "Player" */ = {
			isa = XCConfigurationList;
			buildConfigurations = (
				ED937A26280F0C5100C63189 /* Debug */,
				ED937A27280F0C5100C63189 /* Release */,
			);
			defaultConfigurationIsVisible = 0;
			defaultConfigurationName = Release;
		};
		ED937A28280F0C5100C63189 /* Build configuration list for PBXNativeTarget "Player" */ = {
			isa = XCConfigurationList;
			buildConfigurations = (
				ED937A29280F0C5100C63189 /* Debug */,
				ED937A2A280F0C5100C63189 /* Release */,
			);
			defaultConfigurationIsVisible = 0;
			defaultConfigurationName = Release;
		};
/* End XCConfigurationList section */
	};
	rootObject = ED937A0C280F0C4C00C63189 /* Project object */;
}
